
Microsoft Visual Studio Solution File, Format Version 12.00
# Visual Studio 2013
VisualStudioVersion = 12.0.31101.0
MinimumVisualStudioVersion = 10.0.40219.1
Project("{FAE04EC0-301F-11D3-BF4B-00C04F79EFBC}") = "SapphireGirl", "SapphireGirl\SapphireGirl.csproj", "{2479D587-62B2-4D35-AB25-C29E30248FF2}"
EndProject
Project("{FAE04EC0-301F-11D3-BF4B-00C04F79EFBC}") = "SapphireGirl.Model", "SapphireGirl.Model\SapphireGirl.Model.csproj", "{A3FC66DB-01E2-4ADE-A520-3F98B2D279C7}"
EndProject
Project("{FAE04EC0-301F-11D3-BF4B-00C04F79EFBC}") = "SapphireGirl.DataAccess", "SapphireGirl.DataAccess\SapphireGirl.DataAccess.csproj", "{51C7D338-6932-4DBE-9EE2-17930D823F08}"
EndProject
Project("{2150E333-8FDC-42A3-9474-1A3956D46DE8}") = "Build", "Build", "{C1B02C88-8522-412E-89FE-9C72339553CE}"
	ProjectSection(SolutionItems) = preProject
		gulp.config.json = gulp.config.json
		gulpfile.js = gulpfile.js
	EndProjectSection
EndProject
Global
	GlobalSection(SolutionConfigurationPlatforms) = preSolution
		Debug|Any CPU = Debug|Any CPU
		Release|Any CPU = Release|Any CPU
	EndGlobalSection
	GlobalSection(ProjectConfigurationPlatforms) = postSolution
		{2479D587-62B2-4D35-AB25-C29E30248FF2}.Debug|Any CPU.ActiveCfg = Debug|Any CPU
		{2479D587-62B2-4D35-AB25-C29E30248FF2}.Debug|Any CPU.Build.0 = Debug|Any CPU
		{2479D587-62B2-4D35-AB25-C29E30248FF2}.Release|Any CPU.ActiveCfg = Release|Any CPU
		{2479D587-62B2-4D35-AB25-C29E30248FF2}.Release|Any CPU.Build.0 = Release|Any CPU
		{A3FC66DB-01E2-4ADE-A520-3F98B2D279C7}.Debug|Any CPU.ActiveCfg = Debug|Any CPU
		{A3FC66DB-01E2-4ADE-A520-3F98B2D279C7}.Debug|Any CPU.Build.0 = Debug|Any CPU
		{A3FC66DB-01E2-4ADE-A520-3F98B2D279C7}.Release|Any CPU.ActiveCfg = Release|Any CPU
		{A3FC66DB-01E2-4ADE-A520-3F98B2D279C7}.Release|Any CPU.Build.0 = Release|Any CPU
		{51C7D338-6932-4DBE-9EE2-17930D823F08}.Debug|Any CPU.ActiveCfg = Debug|Any CPU
		{51C7D338-6932-4DBE-9EE2-17930D823F08}.Debug|Any CPU.Build.0 = Debug|Any CPU
		{51C7D338-6932-4DBE-9EE2-17930D823F08}.Release|Any CPU.ActiveCfg = Release|Any CPU
		{51C7D338-6932-4DBE-9EE2-17930D823F08}.Release|Any CPU.Build.0 = Release|Any CPU
	EndGlobalSection
	GlobalSection(SolutionProperties) = preSolution
		HideSolutionNode = FALSE
	EndGlobalSection
EndGlobal
